{
  "requires": true,
  "lockfileVersion": 1,
  "dependencies": {
    "@types/node": {
      "version": "12.12.14",
      "resolved": "https://registry.npmjs.org/@types/node/-/node-12.12.14.tgz",
      "integrity": "sha512-u/SJDyXwuihpwjXy7hOOghagLEV1KdAST6syfnOk6QZAMzZuWZqXy5aYYZbh8Jdpd4escVFP0MvftHNDb9pruA=="
    },
    "dotless": {
      "version": "1.0.0-beta.12",
      "resolved": "https://registry.npmjs.org/dotless/-/dotless-1.0.0-beta.12.tgz",
      "integrity": "sha512-1Y1mybrrBvDgoclrXBgwvKWULvUYW4JtVA2isuVFiim3QqlpcTQd2oNvhVYQpMn384GDnH3ayjZa+mqynQHpdQ==",
      "dev": true
    }
  }
}
